
Microsoft Visual Studio Solution File, Format Version 12.00
# Visual Studio Version 17
VisualStudioVersion = 17.3.32929.385
MinimumVisualStudioVersion = 10.0.40219.1
Project("{FAE04EC0-301F-11D3-BF4B-00C04F79EFBC}") = "function", "function.csproj", "{4D0EFBFD-BBA9-46D0-8752-459D4B605327}"
EndProject
Global
	GlobalSection(SolutionConfigurationPlatforms) = preSolution
		Debug|Any CPU = Debug|Any CPU
		Release|Any CPU = Release|Any CPU
	EndGlobalSection
	GlobalSection(ProjectConfigurationPlatforms) = postSolution
		{4D0EFBFD-BBA9-46D0-8752-459D4B605327}.Debug|Any CPU.ActiveCfg = Debug|Any CPU
		{4D0EFBFD-BBA9-46D0-8752-459D4B605327}.Debug|Any CPU.Build.0 = Debug|Any CPU
		{4D0EFBFD-BBA9-46D0-8752-459D4B605327}.Release|Any CPU.ActiveCfg = Release|Any CPU
		{4D0EFBFD-BBA9-46D0-8752-459D4B605327}.Release|Any CPU.Build.0 = Release|Any CPU
	EndGlobalSection
	GlobalSection(SolutionProperties) = preSolution
		HideSolutionNode = FALSE
	EndGlobalSection
	GlobalSection(ExtensibilityGlobals) = postSolution
		SolutionGuid = {DAE8157D-0203-4460-BBE0-770196CBEC1A}
	EndGlobalSection
EndGlobal
