
Microsoft Visual Studio Solution File, Format Version 12.00
# Visual Studio Version 17
VisualStudioVersion = 17.3.32929.385
MinimumVisualStudioVersion = 10.0.40219.1
Project("{9A19103F-16F7-4668-BE54-9A1E7A4F7556}") = "Aula1", "Aula1\Aula1.csproj", "{EDA641EA-368E-4B04-82CD-408AC3997723}"
EndProject
Project("{9A19103F-16F7-4668-BE54-9A1E7A4F7556}") = "ValueTypes", "ValueTypes\ValueTypes.csproj", "{BA4BB898-4F47-438F-867A-666AC8BF5CCF}"
EndProject
Project("{9A19103F-16F7-4668-BE54-9A1E7A4F7556}") = "aula5", "aula5\aula5.csproj", "{F6DB90B9-1BBD-4ACB-A47A-10216C26220F}"
EndProject
Project("{9A19103F-16F7-4668-BE54-9A1E7A4F7556}") = "aula6", "aula6\aula6.csproj", "{B512B4BC-91B1-47FD-B6F5-8FA9B1B91E8A}"
EndProject
Project("{9A19103F-16F7-4668-BE54-9A1E7A4F7556}") = "aula7", "aula7\aula7.csproj", "{25D58ABB-AF70-4236-A59D-0426D04542FD}"
EndProject
Project("{9A19103F-16F7-4668-BE54-9A1E7A4F7556}") = "Aula8", "Aula8\Aula8.csproj", "{7B263F78-8F21-4084-A121-6513160BC5A9}"
EndProject
Project("{9A19103F-16F7-4668-BE54-9A1E7A4F7556}") = "Aula9", "Aula9\Aula9.csproj", "{85936726-18F7-4A9D-82A0-7E6823C71557}"
EndProject
Project("{9A19103F-16F7-4668-BE54-9A1E7A4F7556}") = "aula10", "aula10\aula10.csproj", "{8EA71F49-A77B-4A63-8630-DF0D374486DA}"
EndProject
Project("{9A19103F-16F7-4668-BE54-9A1E7A4F7556}") = "Aula11", "Aula11\Aula11.csproj", "{9F027930-7941-4CDC-B656-255540FD36A6}"
EndProject
Project("{9A19103F-16F7-4668-BE54-9A1E7A4F7556}") = "aula12", "aula12\aula12.csproj", "{7481BDFE-D951-4E4A-9C7A-69CCBEF0B064}"
EndProject
Project("{9A19103F-16F7-4668-BE54-9A1E7A4F7556}") = "Aula13", "Aula13\Aula13.csproj", "{F06C1551-0568-4B07-91FB-30887ED387DE}"
EndProject
Project("{9A19103F-16F7-4668-BE54-9A1E7A4F7556}") = "aula14", "aula14\aula14.csproj", "{0A7A4C9C-1FE3-44F0-A65A-97DE7726CF62}"
EndProject
Project("{FAE04EC0-301F-11D3-BF4B-00C04F79EFBC}") = "Aula15", "Aula15\Aula15.csproj", "{5B83D3D6-A53F-41CB-B698-CD1EC442089D}"
EndProject
Project("{FAE04EC0-301F-11D3-BF4B-00C04F79EFBC}") = "Aula16", "Aula16\Aula16.csproj", "{4D7073AD-C2FD-4167-B0B2-DD3DBD8DCE12}"
EndProject
Project("{FAE04EC0-301F-11D3-BF4B-00C04F79EFBC}") = "Aula 17", "Aula 17\Aula 17.csproj", "{092AE9CF-C6FA-4152-A0B0-DFBA20A51316}"
EndProject
Global
	GlobalSection(SolutionConfigurationPlatforms) = preSolution
		Debug|Any CPU = Debug|Any CPU
		Release|Any CPU = Release|Any CPU
	EndGlobalSection
	GlobalSection(ProjectConfigurationPlatforms) = postSolution
		{EDA641EA-368E-4B04-82CD-408AC3997723}.Debug|Any CPU.ActiveCfg = Debug|Any CPU
		{EDA641EA-368E-4B04-82CD-408AC3997723}.Debug|Any CPU.Build.0 = Debug|Any CPU
		{EDA641EA-368E-4B04-82CD-408AC3997723}.Release|Any CPU.ActiveCfg = Release|Any CPU
		{EDA641EA-368E-4B04-82CD-408AC3997723}.Release|Any CPU.Build.0 = Release|Any CPU
		{BA4BB898-4F47-438F-867A-666AC8BF5CCF}.Debug|Any CPU.ActiveCfg = Debug|Any CPU
		{BA4BB898-4F47-438F-867A-666AC8BF5CCF}.Debug|Any CPU.Build.0 = Debug|Any CPU
		{BA4BB898-4F47-438F-867A-666AC8BF5CCF}.Release|Any CPU.ActiveCfg = Release|Any CPU
		{BA4BB898-4F47-438F-867A-666AC8BF5CCF}.Release|Any CPU.Build.0 = Release|Any CPU
		{F6DB90B9-1BBD-4ACB-A47A-10216C26220F}.Debug|Any CPU.ActiveCfg = Debug|Any CPU
		{F6DB90B9-1BBD-4ACB-A47A-10216C26220F}.Debug|Any CPU.Build.0 = Debug|Any CPU
		{F6DB90B9-1BBD-4ACB-A47A-10216C26220F}.Release|Any CPU.ActiveCfg = Release|Any CPU
		{F6DB90B9-1BBD-4ACB-A47A-10216C26220F}.Release|Any CPU.Build.0 = Release|Any CPU
		{B512B4BC-91B1-47FD-B6F5-8FA9B1B91E8A}.Debug|Any CPU.ActiveCfg = Debug|Any CPU
		{B512B4BC-91B1-47FD-B6F5-8FA9B1B91E8A}.Debug|Any CPU.Build.0 = Debug|Any CPU
		{B512B4BC-91B1-47FD-B6F5-8FA9B1B91E8A}.Release|Any CPU.ActiveCfg = Release|Any CPU
		{B512B4BC-91B1-47FD-B6F5-8FA9B1B91E8A}.Release|Any CPU.Build.0 = Release|Any CPU
		{25D58ABB-AF70-4236-A59D-0426D04542FD}.Debug|Any CPU.ActiveCfg = Debug|Any CPU
		{25D58ABB-AF70-4236-A59D-0426D04542FD}.Debug|Any CPU.Build.0 = Debug|Any CPU
		{25D58ABB-AF70-4236-A59D-0426D04542FD}.Release|Any CPU.ActiveCfg = Release|Any CPU
		{25D58ABB-AF70-4236-A59D-0426D04542FD}.Release|Any CPU.Build.0 = Release|Any CPU
		{7B263F78-8F21-4084-A121-6513160BC5A9}.Debug|Any CPU.ActiveCfg = Debug|Any CPU
		{7B263F78-8F21-4084-A121-6513160BC5A9}.Debug|Any CPU.Build.0 = Debug|Any CPU
		{7B263F78-8F21-4084-A121-6513160BC5A9}.Release|Any CPU.ActiveCfg = Release|Any CPU
		{7B263F78-8F21-4084-A121-6513160BC5A9}.Release|Any CPU.Build.0 = Release|Any CPU
		{85936726-18F7-4A9D-82A0-7E6823C71557}.Debug|Any CPU.ActiveCfg = Debug|Any CPU
		{85936726-18F7-4A9D-82A0-7E6823C71557}.Debug|Any CPU.Build.0 = Debug|Any CPU
		{85936726-18F7-4A9D-82A0-7E6823C71557}.Release|Any CPU.ActiveCfg = Release|Any CPU
		{85936726-18F7-4A9D-82A0-7E6823C71557}.Release|Any CPU.Build.0 = Release|Any CPU
		{8EA71F49-A77B-4A63-8630-DF0D374486DA}.Debug|Any CPU.ActiveCfg = Debug|Any CPU
		{8EA71F49-A77B-4A63-8630-DF0D374486DA}.Debug|Any CPU.Build.0 = Debug|Any CPU
		{8EA71F49-A77B-4A63-8630-DF0D374486DA}.Release|Any CPU.ActiveCfg = Release|Any CPU
		{8EA71F49-A77B-4A63-8630-DF0D374486DA}.Release|Any CPU.Build.0 = Release|Any CPU
		{9F027930-7941-4CDC-B656-255540FD36A6}.Debug|Any CPU.ActiveCfg = Debug|Any CPU
		{9F027930-7941-4CDC-B656-255540FD36A6}.Debug|Any CPU.Build.0 = Debug|Any CPU
		{9F027930-7941-4CDC-B656-255540FD36A6}.Release|Any CPU.ActiveCfg = Release|Any CPU
		{9F027930-7941-4CDC-B656-255540FD36A6}.Release|Any CPU.Build.0 = Release|Any CPU
		{7481BDFE-D951-4E4A-9C7A-69CCBEF0B064}.Debug|Any CPU.ActiveCfg = Debug|Any CPU
		{7481BDFE-D951-4E4A-9C7A-69CCBEF0B064}.Debug|Any CPU.Build.0 = Debug|Any CPU
		{7481BDFE-D951-4E4A-9C7A-69CCBEF0B064}.Release|Any CPU.ActiveCfg = Release|Any CPU
		{7481BDFE-D951-4E4A-9C7A-69CCBEF0B064}.Release|Any CPU.Build.0 = Release|Any CPU
		{F06C1551-0568-4B07-91FB-30887ED387DE}.Debug|Any CPU.ActiveCfg = Debug|Any CPU
		{F06C1551-0568-4B07-91FB-30887ED387DE}.Debug|Any CPU.Build.0 = Debug|Any CPU
		{F06C1551-0568-4B07-91FB-30887ED387DE}.Release|Any CPU.ActiveCfg = Release|Any CPU
		{F06C1551-0568-4B07-91FB-30887ED387DE}.Release|Any CPU.Build.0 = Release|Any CPU
		{0A7A4C9C-1FE3-44F0-A65A-97DE7726CF62}.Debug|Any CPU.ActiveCfg = Debug|Any CPU
		{0A7A4C9C-1FE3-44F0-A65A-97DE7726CF62}.Debug|Any CPU.Build.0 = Debug|Any CPU
		{0A7A4C9C-1FE3-44F0-A65A-97DE7726CF62}.Release|Any CPU.ActiveCfg = Release|Any CPU
		{0A7A4C9C-1FE3-44F0-A65A-97DE7726CF62}.Release|Any CPU.Build.0 = Release|Any CPU
		{5B83D3D6-A53F-41CB-B698-CD1EC442089D}.Debug|Any CPU.ActiveCfg = Debug|Any CPU
		{5B83D3D6-A53F-41CB-B698-CD1EC442089D}.Debug|Any CPU.Build.0 = Debug|Any CPU
		{5B83D3D6-A53F-41CB-B698-CD1EC442089D}.Release|Any CPU.ActiveCfg = Release|Any CPU
		{5B83D3D6-A53F-41CB-B698-CD1EC442089D}.Release|Any CPU.Build.0 = Release|Any CPU
		{4D7073AD-C2FD-4167-B0B2-DD3DBD8DCE12}.Debug|Any CPU.ActiveCfg = Debug|Any CPU
		{4D7073AD-C2FD-4167-B0B2-DD3DBD8DCE12}.Debug|Any CPU.Build.0 = Debug|Any CPU
		{4D7073AD-C2FD-4167-B0B2-DD3DBD8DCE12}.Release|Any CPU.ActiveCfg = Release|Any CPU
		{4D7073AD-C2FD-4167-B0B2-DD3DBD8DCE12}.Release|Any CPU.Build.0 = Release|Any CPU
		{092AE9CF-C6FA-4152-A0B0-DFBA20A51316}.Debug|Any CPU.ActiveCfg = Debug|Any CPU
		{092AE9CF-C6FA-4152-A0B0-DFBA20A51316}.Debug|Any CPU.Build.0 = Debug|Any CPU
		{092AE9CF-C6FA-4152-A0B0-DFBA20A51316}.Release|Any CPU.ActiveCfg = Release|Any CPU
		{092AE9CF-C6FA-4152-A0B0-DFBA20A51316}.Release|Any CPU.Build.0 = Release|Any CPU
	EndGlobalSection
	GlobalSection(SolutionProperties) = preSolution
		HideSolutionNode = FALSE
	EndGlobalSection
	GlobalSection(ExtensibilityGlobals) = postSolution
		SolutionGuid = {FFA0D9CE-9E53-419D-BE1C-13EA5C853788}
	EndGlobalSection
EndGlobal
